
Microsoft Visual Studio Solution File, Format Version 12.00
# Visual Studio Version 16
VisualStudioVersion = 16.6.30114.105
MinimumVisualStudioVersion = 10.0.40219.1
Project("{2150E333-8FDC-42A3-9474-1A3956D46DE8}") = "src", "src", "{39BE6649-7292-474B-A377-2F99AC68F76A}"
EndProject
Project("{FAE04EC0-301F-11D3-BF4B-00C04F79EFBC}") = "GradeBook", "src\GradeBook\GradeBook.csproj", "{70DEEF90-C57C-4897-826B-E54AE08A2C2A}"
EndProject
Project("{2150E333-8FDC-42A3-9474-1A3956D46DE8}") = "test", "test", "{D817D807-3AD6-414E-81B4-0371812E108E}"
EndProject
Project("{FAE04EC0-301F-11D3-BF4B-00C04F79EFBC}") = "GradeBook.Tests", "test\GradeBook.Tests\GradeBook.Tests.csproj", "{69EF0C3B-23B7-407F-B97F-CB9BE3C8DC95}"
EndProject
Global
	GlobalSection(SolutionConfigurationPlatforms) = preSolution
		Debug|Any CPU = Debug|Any CPU
		Debug|x64 = Debug|x64
		Debug|x86 = Debug|x86
		Release|Any CPU = Release|Any CPU
		Release|x64 = Release|x64
		Release|x86 = Release|x86
	EndGlobalSection
	GlobalSection(SolutionProperties) = preSolution
		HideSolutionNode = FALSE
	EndGlobalSection
	GlobalSection(ProjectConfigurationPlatforms) = postSolution
		{70DEEF90-C57C-4897-826B-E54AE08A2C2A}.Debug|Any CPU.ActiveCfg = Debug|Any CPU
		{70DEEF90-C57C-4897-826B-E54AE08A2C2A}.Debug|Any CPU.Build.0 = Debug|Any CPU
		{70DEEF90-C57C-4897-826B-E54AE08A2C2A}.Debug|x64.ActiveCfg = Debug|Any CPU
		{70DEEF90-C57C-4897-826B-E54AE08A2C2A}.Debug|x64.Build.0 = Debug|Any CPU
		{70DEEF90-C57C-4897-826B-E54AE08A2C2A}.Debug|x86.ActiveCfg = Debug|Any CPU
		{70DEEF90-C57C-4897-826B-E54AE08A2C2A}.Debug|x86.Build.0 = Debug|Any CPU
		{70DEEF90-C57C-4897-826B-E54AE08A2C2A}.Release|Any CPU.ActiveCfg = Release|Any CPU
		{70DEEF90-C57C-4897-826B-E54AE08A2C2A}.Release|Any CPU.Build.0 = Release|Any CPU
		{70DEEF90-C57C-4897-826B-E54AE08A2C2A}.Release|x64.ActiveCfg = Release|Any CPU
		{70DEEF90-C57C-4897-826B-E54AE08A2C2A}.Release|x64.Build.0 = Release|Any CPU
		{70DEEF90-C57C-4897-826B-E54AE08A2C2A}.Release|x86.ActiveCfg = Release|Any CPU
		{70DEEF90-C57C-4897-826B-E54AE08A2C2A}.Release|x86.Build.0 = Release|Any CPU
		{69EF0C3B-23B7-407F-B97F-CB9BE3C8DC95}.Debug|Any CPU.ActiveCfg = Debug|Any CPU
		{69EF0C3B-23B7-407F-B97F-CB9BE3C8DC95}.Debug|Any CPU.Build.0 = Debug|Any CPU
		{69EF0C3B-23B7-407F-B97F-CB9BE3C8DC95}.Debug|x64.ActiveCfg = Debug|Any CPU
		{69EF0C3B-23B7-407F-B97F-CB9BE3C8DC95}.Debug|x64.Build.0 = Debug|Any CPU
		{69EF0C3B-23B7-407F-B97F-CB9BE3C8DC95}.Debug|x86.ActiveCfg = Debug|Any CPU
		{69EF0C3B-23B7-407F-B97F-CB9BE3C8DC95}.Debug|x86.Build.0 = Debug|Any CPU
		{69EF0C3B-23B7-407F-B97F-CB9BE3C8DC95}.Release|Any CPU.ActiveCfg = Release|Any CPU
		{69EF0C3B-23B7-407F-B97F-CB9BE3C8DC95}.Release|Any CPU.Build.0 = Release|Any CPU
		{69EF0C3B-23B7-407F-B97F-CB9BE3C8DC95}.Release|x64.ActiveCfg = Release|Any CPU
		{69EF0C3B-23B7-407F-B97F-CB9BE3C8DC95}.Release|x64.Build.0 = Release|Any CPU
		{69EF0C3B-23B7-407F-B97F-CB9BE3C8DC95}.Release|x86.ActiveCfg = Release|Any CPU
		{69EF0C3B-23B7-407F-B97F-CB9BE3C8DC95}.Release|x86.Build.0 = Release|Any CPU
	EndGlobalSection
	GlobalSection(NestedProjects) = preSolution
		{70DEEF90-C57C-4897-826B-E54AE08A2C2A} = {39BE6649-7292-474B-A377-2F99AC68F76A}
		{69EF0C3B-23B7-407F-B97F-CB9BE3C8DC95} = {D817D807-3AD6-414E-81B4-0371812E108E}
	EndGlobalSection
EndGlobal
